
Microsoft Visual Studio Solution File, Format Version 12.00
# Visual Studio Version 16
VisualStudioVersion = 25.0.1706.14
MinimumVisualStudioVersion = 10.0.40219.1
Project("{2150E333-8FDC-42A3-9474-1A3956D46DE8}") = "src", "src", "{E8C774E7-F150-4D88-BA1F-6B6C3D68C608}"
EndProject
Project("{2150E333-8FDC-42A3-9474-1A3956D46DE8}") = "tests", "tests", "{DECE0A6B-4C49-4C1A-A615-56114B046C2E}"
EndProject
Project("{FAE04EC0-301F-11D3-BF4B-00C04F79EFBC}") = "CashFlow.Api", "src\CashFlow.Api\CashFlow.Api.csproj", "{284FBC51-67A2-4660-BB6E-1690C4527641}"
EndProject
Project("{FAE04EC0-301F-11D3-BF4B-00C04F79EFBC}") = "CashFlow.Domain", "src\CashFlow.Domain\CashFlow.Domain.csproj", "{473F6F40-1B09-444A-9B8C-17D1DF634E86}"
EndProject
Project("{FAE04EC0-301F-11D3-BF4B-00C04F79EFBC}") = "CashFlow.Application", "src\CashFlow.Application\CashFlow.Application.csproj", "{AB41E3FB-C3A4-4639-9DEA-F1EE23976B1E}"
EndProject
Project("{FAE04EC0-301F-11D3-BF4B-00C04F79EFBC}") = "CashFlow.Communication", "src\CashFlow.Communication\CashFlow.Communication.csproj", "{196716CE-607F-432E-8AE8-2E1D845DF595}"
EndProject
Project("{FAE04EC0-301F-11D3-BF4B-00C04F79EFBC}") = "CashFlow.Infrastructure", "src\CashFlow.Infrastructure\CashFlow.Infrastructure.csproj", "{D71DD220-E7CF-479A-ADA3-30F58F097FE1}"
EndProject
Project("{FAE04EC0-301F-11D3-BF4B-00C04F79EFBC}") = "Validators.Tests", "tests\Validators.Tests\Validators.Tests.csproj", "{6A43EA51-E883-4436-B01D-1A32110C292F}"
EndProject
Project("{FAE04EC0-301F-11D3-BF4B-00C04F79EFBC}") = "CashFlow.Exception", "src\CashFlow.Exception\CashFlow.Exception.csproj", "{7ABF3ED6-8577-442D-842A-25EC1BEF9CD4}"
EndProject
Project("{FAE04EC0-301F-11D3-BF4B-00C04F79EFBC}") = "CommonTestUtilities", "tests\CommonTestUtilities\CommonTestUtilities.csproj", "{C3EFE59D-3168-40DC-A83A-E44A11680E9D}"
EndProject
Global
	GlobalSection(SolutionConfigurationPlatforms) = preSolution
		Debug|Any CPU = Debug|Any CPU
		Debug|x64 = Debug|x64
		Debug|x86 = Debug|x86
		Release|Any CPU = Release|Any CPU
		Release|x64 = Release|x64
		Release|x86 = Release|x86
	EndGlobalSection
	GlobalSection(ProjectConfigurationPlatforms) = postSolution
		{284FBC51-67A2-4660-BB6E-1690C4527641}.Debug|Any CPU.ActiveCfg = Debug|Any CPU
		{284FBC51-67A2-4660-BB6E-1690C4527641}.Debug|Any CPU.Build.0 = Debug|Any CPU
		{284FBC51-67A2-4660-BB6E-1690C4527641}.Debug|x64.ActiveCfg = Debug|Any CPU
		{284FBC51-67A2-4660-BB6E-1690C4527641}.Debug|x64.Build.0 = Debug|Any CPU
		{284FBC51-67A2-4660-BB6E-1690C4527641}.Debug|x86.ActiveCfg = Debug|Any CPU
		{284FBC51-67A2-4660-BB6E-1690C4527641}.Debug|x86.Build.0 = Debug|Any CPU
		{284FBC51-67A2-4660-BB6E-1690C4527641}.Release|Any CPU.ActiveCfg = Release|Any CPU
		{284FBC51-67A2-4660-BB6E-1690C4527641}.Release|Any CPU.Build.0 = Release|Any CPU
		{284FBC51-67A2-4660-BB6E-1690C4527641}.Release|x64.ActiveCfg = Release|Any CPU
		{284FBC51-67A2-4660-BB6E-1690C4527641}.Release|x64.Build.0 = Release|Any CPU
		{284FBC51-67A2-4660-BB6E-1690C4527641}.Release|x86.ActiveCfg = Release|Any CPU
		{284FBC51-67A2-4660-BB6E-1690C4527641}.Release|x86.Build.0 = Release|Any CPU
		{473F6F40-1B09-444A-9B8C-17D1DF634E86}.Debug|Any CPU.ActiveCfg = Debug|Any CPU
		{473F6F40-1B09-444A-9B8C-17D1DF634E86}.Debug|Any CPU.Build.0 = Debug|Any CPU
		{473F6F40-1B09-444A-9B8C-17D1DF634E86}.Debug|x64.ActiveCfg = Debug|Any CPU
		{473F6F40-1B09-444A-9B8C-17D1DF634E86}.Debug|x64.Build.0 = Debug|Any CPU
		{473F6F40-1B09-444A-9B8C-17D1DF634E86}.Debug|x86.ActiveCfg = Debug|Any CPU
		{473F6F40-1B09-444A-9B8C-17D1DF634E86}.Debug|x86.Build.0 = Debug|Any CPU
		{473F6F40-1B09-444A-9B8C-17D1DF634E86}.Release|Any CPU.ActiveCfg = Release|Any CPU
		{473F6F40-1B09-444A-9B8C-17D1DF634E86}.Release|Any CPU.Build.0 = Release|Any CPU
		{473F6F40-1B09-444A-9B8C-17D1DF634E86}.Release|x64.ActiveCfg = Release|Any CPU
		{473F6F40-1B09-444A-9B8C-17D1DF634E86}.Release|x64.Build.0 = Release|Any CPU
		{473F6F40-1B09-444A-9B8C-17D1DF634E86}.Release|x86.ActiveCfg = Release|Any CPU
		{473F6F40-1B09-444A-9B8C-17D1DF634E86}.Release|x86.Build.0 = Release|Any CPU
		{AB41E3FB-C3A4-4639-9DEA-F1EE23976B1E}.Debug|Any CPU.ActiveCfg = Debug|Any CPU
		{AB41E3FB-C3A4-4639-9DEA-F1EE23976B1E}.Debug|Any CPU.Build.0 = Debug|Any CPU
		{AB41E3FB-C3A4-4639-9DEA-F1EE23976B1E}.Debug|x64.ActiveCfg = Debug|Any CPU
		{AB41E3FB-C3A4-4639-9DEA-F1EE23976B1E}.Debug|x64.Build.0 = Debug|Any CPU
		{AB41E3FB-C3A4-4639-9DEA-F1EE23976B1E}.Debug|x86.ActiveCfg = Debug|Any CPU
		{AB41E3FB-C3A4-4639-9DEA-F1EE23976B1E}.Debug|x86.Build.0 = Debug|Any CPU
		{AB41E3FB-C3A4-4639-9DEA-F1EE23976B1E}.Release|Any CPU.ActiveCfg = Release|Any CPU
		{AB41E3FB-C3A4-4639-9DEA-F1EE23976B1E}.Release|Any CPU.Build.0 = Release|Any CPU
		{AB41E3FB-C3A4-4639-9DEA-F1EE23976B1E}.Release|x64.ActiveCfg = Release|Any CPU
		{AB41E3FB-C3A4-4639-9DEA-F1EE23976B1E}.Release|x64.Build.0 = Release|Any CPU
		{AB41E3FB-C3A4-4639-9DEA-F1EE23976B1E}.Release|x86.ActiveCfg = Release|Any CPU
		{AB41E3FB-C3A4-4639-9DEA-F1EE23976B1E}.Release|x86.Build.0 = Release|Any CPU
		{196716CE-607F-432E-8AE8-2E1D845DF595}.Debug|Any CPU.ActiveCfg = Debug|Any CPU
		{196716CE-607F-432E-8AE8-2E1D845DF595}.Debug|Any CPU.Build.0 = Debug|Any CPU
		{196716CE-607F-432E-8AE8-2E1D845DF595}.Debug|x64.ActiveCfg = Debug|Any CPU
		{196716CE-607F-432E-8AE8-2E1D845DF595}.Debug|x64.Build.0 = Debug|Any CPU
		{196716CE-607F-432E-8AE8-2E1D845DF595}.Debug|x86.ActiveCfg = Debug|Any CPU
		{196716CE-607F-432E-8AE8-2E1D845DF595}.Debug|x86.Build.0 = Debug|Any CPU
		{196716CE-607F-432E-8AE8-2E1D845DF595}.Release|Any CPU.ActiveCfg = Release|Any CPU
		{196716CE-607F-432E-8AE8-2E1D845DF595}.Release|Any CPU.Build.0 = Release|Any CPU
		{196716CE-607F-432E-8AE8-2E1D845DF595}.Release|x64.ActiveCfg = Release|Any CPU
		{196716CE-607F-432E-8AE8-2E1D845DF595}.Release|x64.Build.0 = Release|Any CPU
		{196716CE-607F-432E-8AE8-2E1D845DF595}.Release|x86.ActiveCfg = Release|Any CPU
		{196716CE-607F-432E-8AE8-2E1D845DF595}.Release|x86.Build.0 = Release|Any CPU
		{D71DD220-E7CF-479A-ADA3-30F58F097FE1}.Debug|Any CPU.ActiveCfg = Debug|Any CPU
		{D71DD220-E7CF-479A-ADA3-30F58F097FE1}.Debug|Any CPU.Build.0 = Debug|Any CPU
		{D71DD220-E7CF-479A-ADA3-30F58F097FE1}.Debug|x64.ActiveCfg = Debug|Any CPU
		{D71DD220-E7CF-479A-ADA3-30F58F097FE1}.Debug|x64.Build.0 = Debug|Any CPU
		{D71DD220-E7CF-479A-ADA3-30F58F097FE1}.Debug|x86.ActiveCfg = Debug|Any CPU
		{D71DD220-E7CF-479A-ADA3-30F58F097FE1}.Debug|x86.Build.0 = Debug|Any CPU
		{D71DD220-E7CF-479A-ADA3-30F58F097FE1}.Release|Any CPU.ActiveCfg = Release|Any CPU
		{D71DD220-E7CF-479A-ADA3-30F58F097FE1}.Release|Any CPU.Build.0 = Release|Any CPU
		{D71DD220-E7CF-479A-ADA3-30F58F097FE1}.Release|x64.ActiveCfg = Release|Any CPU
		{D71DD220-E7CF-479A-ADA3-30F58F097FE1}.Release|x64.Build.0 = Release|Any CPU
		{D71DD220-E7CF-479A-ADA3-30F58F097FE1}.Release|x86.ActiveCfg = Release|Any CPU
		{D71DD220-E7CF-479A-ADA3-30F58F097FE1}.Release|x86.Build.0 = Release|Any CPU
		{6A43EA51-E883-4436-B01D-1A32110C292F}.Debug|Any CPU.ActiveCfg = Debug|Any CPU
		{6A43EA51-E883-4436-B01D-1A32110C292F}.Debug|Any CPU.Build.0 = Debug|Any CPU
		{6A43EA51-E883-4436-B01D-1A32110C292F}.Debug|x64.ActiveCfg = Debug|Any CPU
		{6A43EA51-E883-4436-B01D-1A32110C292F}.Debug|x64.Build.0 = Debug|Any CPU
		{6A43EA51-E883-4436-B01D-1A32110C292F}.Debug|x86.ActiveCfg = Debug|Any CPU
		{6A43EA51-E883-4436-B01D-1A32110C292F}.Debug|x86.Build.0 = Debug|Any CPU
		{6A43EA51-E883-4436-B01D-1A32110C292F}.Release|Any CPU.ActiveCfg = Release|Any CPU
		{6A43EA51-E883-4436-B01D-1A32110C292F}.Release|Any CPU.Build.0 = Release|Any CPU
		{6A43EA51-E883-4436-B01D-1A32110C292F}.Release|x64.ActiveCfg = Release|Any CPU
		{6A43EA51-E883-4436-B01D-1A32110C292F}.Release|x64.Build.0 = Release|Any CPU
		{6A43EA51-E883-4436-B01D-1A32110C292F}.Release|x86.ActiveCfg = Release|Any CPU
		{6A43EA51-E883-4436-B01D-1A32110C292F}.Release|x86.Build.0 = Release|Any CPU
		{7ABF3ED6-8577-442D-842A-25EC1BEF9CD4}.Debug|Any CPU.ActiveCfg = Debug|Any CPU
		{7ABF3ED6-8577-442D-842A-25EC1BEF9CD4}.Debug|Any CPU.Build.0 = Debug|Any CPU
		{7ABF3ED6-8577-442D-842A-25EC1BEF9CD4}.Debug|x64.ActiveCfg = Debug|Any CPU
		{7ABF3ED6-8577-442D-842A-25EC1BEF9CD4}.Debug|x64.Build.0 = Debug|Any CPU
		{7ABF3ED6-8577-442D-842A-25EC1BEF9CD4}.Debug|x86.ActiveCfg = Debug|Any CPU
		{7ABF3ED6-8577-442D-842A-25EC1BEF9CD4}.Debug|x86.Build.0 = Debug|Any CPU
		{7ABF3ED6-8577-442D-842A-25EC1BEF9CD4}.Release|Any CPU.ActiveCfg = Release|Any CPU
		{7ABF3ED6-8577-442D-842A-25EC1BEF9CD4}.Release|Any CPU.Build.0 = Release|Any CPU
		{7ABF3ED6-8577-442D-842A-25EC1BEF9CD4}.Release|x64.ActiveCfg = Release|Any CPU
		{7ABF3ED6-8577-442D-842A-25EC1BEF9CD4}.Release|x64.Build.0 = Release|Any CPU
		{7ABF3ED6-8577-442D-842A-25EC1BEF9CD4}.Release|x86.ActiveCfg = Release|Any CPU
		{7ABF3ED6-8577-442D-842A-25EC1BEF9CD4}.Release|x86.Build.0 = Release|Any CPU
		{C3EFE59D-3168-40DC-A83A-E44A11680E9D}.Debug|Any CPU.ActiveCfg = Debug|Any CPU
		{C3EFE59D-3168-40DC-A83A-E44A11680E9D}.Debug|Any CPU.Build.0 = Debug|Any CPU
		{C3EFE59D-3168-40DC-A83A-E44A11680E9D}.Debug|x64.ActiveCfg = Debug|Any CPU
		{C3EFE59D-3168-40DC-A83A-E44A11680E9D}.Debug|x64.Build.0 = Debug|Any CPU
		{C3EFE59D-3168-40DC-A83A-E44A11680E9D}.Debug|x86.ActiveCfg = Debug|Any CPU
		{C3EFE59D-3168-40DC-A83A-E44A11680E9D}.Debug|x86.Build.0 = Debug|Any CPU
		{C3EFE59D-3168-40DC-A83A-E44A11680E9D}.Release|Any CPU.ActiveCfg = Release|Any CPU
		{C3EFE59D-3168-40DC-A83A-E44A11680E9D}.Release|Any CPU.Build.0 = Release|Any CPU
		{C3EFE59D-3168-40DC-A83A-E44A11680E9D}.Release|x64.ActiveCfg = Release|Any CPU
		{C3EFE59D-3168-40DC-A83A-E44A11680E9D}.Release|x64.Build.0 = Release|Any CPU
		{C3EFE59D-3168-40DC-A83A-E44A11680E9D}.Release|x86.ActiveCfg = Release|Any CPU
		{C3EFE59D-3168-40DC-A83A-E44A11680E9D}.Release|x86.Build.0 = Release|Any CPU
	EndGlobalSection
	GlobalSection(SolutionProperties) = preSolution
		HideSolutionNode = FALSE
	EndGlobalSection
	GlobalSection(NestedProjects) = preSolution
		{284FBC51-67A2-4660-BB6E-1690C4527641} = {E8C774E7-F150-4D88-BA1F-6B6C3D68C608}
		{473F6F40-1B09-444A-9B8C-17D1DF634E86} = {E8C774E7-F150-4D88-BA1F-6B6C3D68C608}
		{AB41E3FB-C3A4-4639-9DEA-F1EE23976B1E} = {E8C774E7-F150-4D88-BA1F-6B6C3D68C608}
		{196716CE-607F-432E-8AE8-2E1D845DF595} = {E8C774E7-F150-4D88-BA1F-6B6C3D68C608}
		{D71DD220-E7CF-479A-ADA3-30F58F097FE1} = {E8C774E7-F150-4D88-BA1F-6B6C3D68C608}
		{6A43EA51-E883-4436-B01D-1A32110C292F} = {DECE0A6B-4C49-4C1A-A615-56114B046C2E}
		{7ABF3ED6-8577-442D-842A-25EC1BEF9CD4} = {E8C774E7-F150-4D88-BA1F-6B6C3D68C608}
		{C3EFE59D-3168-40DC-A83A-E44A11680E9D} = {DECE0A6B-4C49-4C1A-A615-56114B046C2E}
	EndGlobalSection
	GlobalSection(ExtensibilityGlobals) = postSolution
		SolutionGuid = {9B972C5D-9282-431B-9DCA-8F9DE6A2001D}
	EndGlobalSection
EndGlobal
